
Microsoft Visual Studio Solution File, Format Version 12.00
# Visual Studio 15
VisualStudioVersion = 15.0.27703.2000
MinimumVisualStudioVersion = 10.0.40219.1
Project("{FAE04EC0-301F-11D3-BF4B-00C04F79EFBC}") = "Data types and data structures", "Data types and data structures.csproj", "{CBA1AF52-BC50-4BD6-AB20-C1F8AE6A6032}"
EndProject
Global
	GlobalSection(SolutionConfigurationPlatforms) = preSolution
		Debug|Any CPU = Debug|Any CPU
		Release|Any CPU = Release|Any CPU
	EndGlobalSection
	GlobalSection(ProjectConfigurationPlatforms) = postSolution
		{CBA1AF52-BC50-4BD6-AB20-C1F8AE6A6032}.Debug|Any CPU.ActiveCfg = Debug|Any CPU
		{CBA1AF52-BC50-4BD6-AB20-C1F8AE6A6032}.Debug|Any CPU.Build.0 = Debug|Any CPU
		{CBA1AF52-BC50-4BD6-AB20-C1F8AE6A6032}.Release|Any CPU.ActiveCfg = Release|Any CPU
		{CBA1AF52-BC50-4BD6-AB20-C1F8AE6A6032}.Release|Any CPU.Build.0 = Release|Any CPU
	EndGlobalSection
	GlobalSection(SolutionProperties) = preSolution
		HideSolutionNode = FALSE
	EndGlobalSection
	GlobalSection(ExtensibilityGlobals) = postSolution
		SolutionGuid = {DFD4341A-4B35-4CB8-8FAD-9523CFB68008}
	EndGlobalSection
EndGlobal
